dependencies:
- name: dex
  repository: https://artifact.lapin.ilius.net/artifactory/helm-remote-stable/
  version: 2.4.1
- name: gangway
  repository: https://artifact.lapin.ilius.net/artifactory/helm-remote-stable/
  version: 0.4.0
digest: sha256:03a83d43c3b5549b56a2a574bd2e342bc96e6bbfaee3bf4192092930ced5e07c
generated: "2019-11-25T18:43:56.999180794+01:00"
